// !$*UTF8*$!
{
	archiveVersion = 1;
	classes = {
	};
	objectVersion = 46;
	objects = {

/* Begin PBXBuildFile section */
		A239E2D01B166FB700F47996 /* ClassCircle.swift in Sources */ = {isa = PBXBuildFile; fileRef = A239E2CF1B166FB700F47996 /* ClassCircle.swift */; };
		A25A0A391B02A6B200335302 /* ClassDetailsVC.swift in Sources */ = {isa = PBXBuildFile; fileRef = A25A0A371B02A6B200335302 /* ClassDetailsVC.swift */; };
		A25A0A3A1B02A6B200335302 /* ClassDetailsVC.xib in Resources */ = {isa = PBXBuildFile; fileRef = A25A0A381B02A6B200335302 /* ClassDetailsVC.xib */; };
		A269BF281B2CE7DE009D2D5B /* SchoolClassCell.swift in Sources */ = {isa = PBXBuildFile; fileRef = A269BF261B2CE7DE009D2D5B /* SchoolClassCell.swift */; };
		A269BF291B2CE7DE009D2D5B /* SchoolClassCell.xib in Resources */ = {isa = PBXBuildFile; fileRef = A269BF271B2CE7DE009D2D5B /* SchoolClassCell.xib */; };
		A269BF321B2CEB8D009D2D5B /* Lato-Bold.ttf in Resources */ = {isa = PBXBuildFile; fileRef = A269BF2B1B2CEB8D009D2D5B /* Lato-Bold.ttf */; };
		A269BF331B2CEB8D009D2D5B /* Lato-Hairline.ttf in Resources */ = {isa = PBXBuildFile; fileRef = A269BF2C1B2CEB8D009D2D5B /* Lato-Hairline.ttf */; };
		A269BF341B2CEB8D009D2D5B /* Lato-Heavy.ttf in Resources */ = {isa = PBXBuildFile; fileRef = A269BF2D1B2CEB8D009D2D5B /* Lato-Heavy.ttf */; };
		A269BF351B2CEB8D009D2D5B /* Lato-Light.ttf in Resources */ = {isa = PBXBuildFile; fileRef = A269BF2E1B2CEB8D009D2D5B /* Lato-Light.ttf */; };
		A269BF361B2CEB8D009D2D5B /* Lato-Medium.ttf in Resources */ = {isa = PBXBuildFile; fileRef = A269BF2F1B2CEB8D009D2D5B /* Lato-Medium.ttf */; };
		A269BF371B2CEB8D009D2D5B /* Lato-Regular.ttf in Resources */ = {isa = PBXBuildFile; fileRef = A269BF301B2CEB8D009D2D5B /* Lato-Regular.ttf */; };
		A269BF381B2CEB8D009D2D5B /* Lato-Thin.ttf in Resources */ = {isa = PBXBuildFile; fileRef = A269BF311B2CEB8D009D2D5B /* Lato-Thin.ttf */; };
		A26E569D1B332ACC0030BCAB /* SchoolClassPaginationVC.swift in Sources */ = {isa = PBXBuildFile; fileRef = A26E569C1B332ACC0030BCAB /* SchoolClassPaginationVC.swift */; };
		A26E56A01B332E380030BCAB /* SchoolClassVC.swift in Sources */ = {isa = PBXBuildFile; fileRef = A26E569E1B332E380030BCAB /* SchoolClassVC.swift */; };
		A26E56A11B332E380030BCAB /* SchoolClassVC.xib in Resources */ = {isa = PBXBuildFile; fileRef = A26E569F1B332E380030BCAB /* SchoolClassVC.xib */; };
		A29951661B0175C200CF6D84 /* AppDelegate.swift in Sources */ = {isa = PBXBuildFile; fileRef = A29951651B0175C200CF6D84 /* AppDelegate.swift */; };
		A299516D1B0175C200CF6D84 /* Images.xcassets in Resources */ = {isa = PBXBuildFile; fileRef = A299516C1B0175C200CF6D84 /* Images.xcassets */; };
		A29951701B0175C200CF6D84 /* LaunchScreen.xib in Resources */ = {isa = PBXBuildFile; fileRef = A299516E1B0175C200CF6D84 /* LaunchScreen.xib */; };
		A299517C1B0175C200CF6D84 /* MedianTests.swift in Sources */ = {isa = PBXBuildFile; fileRef = A299517B1B0175C200CF6D84 /* MedianTests.swift */; };
		A299518D1B01768D00CF6D84 /* SemesterVC.xib in Resources */ = {isa = PBXBuildFile; fileRef = A299518C1B01768D00CF6D84 /* SemesterVC.xib */; };
		A29951921B0176D700CF6D84 /* Assignment.swift in Sources */ = {isa = PBXBuildFile; fileRef = A299518E1B0176D700CF6D84 /* Assignment.swift */; };
		A29951981B0176FE00CF6D84 /* AssignmentCateogry.swift in Sources */ = {isa = PBXBuildFile; fileRef = A29951961B0176FE00CF6D84 /* AssignmentCateogry.swift */; };
		A299519B1B017C0B00CF6D84 /* ClassStore.swift in Sources */ = {isa = PBXBuildFile; fileRef = A299519A1B017C0B00CF6D84 /* ClassStore.swift */; };
		A299519D1B017C2E00CF6D84 /* SchoolClass.swift in Sources */ = {isa = PBXBuildFile; fileRef = A299519C1B017C2E00CF6D84 /* SchoolClass.swift */; };
		A299519F1B017C6000CF6D84 /* SemesterVC.swift in Sources */ = {isa = PBXBuildFile; fileRef = A299519E1B017C6000CF6D84 /* SemesterVC.swift */; };
		A2B48A731B347A4200A0C2E7 /* AssignmentCategoryCell.swift in Sources */ = {isa = PBXBuildFile; fileRef = A2B48A711B347A4200A0C2E7 /* AssignmentCategoryCell.swift */; };
		A2B48A741B347A4200A0C2E7 /* AssignmentCategoryCell.xib in Resources */ = {isa = PBXBuildFile; fileRef = A2B48A721B347A4200A0C2E7 /* AssignmentCategoryCell.xib */; };
/* End PBXBuildFile section */

/* Begin PBXContainerItemProxy section */
		A29951761B0175C200CF6D84 /* PBXContainerItemProxy */ = {
			isa = PBXContainerItemProxy;
			containerPortal = A29951581B0175C200CF6D84 /* Project object */;
			proxyType = 1;
			remoteGlobalIDString = A299515F1B0175C200CF6D84;
			remoteInfo = Median;
		};
/* End PBXContainerItemProxy section */

/* Begin PBXFileReference section */
		A239E2CF1B166FB700F47996 /* ClassCircle.swift */ = {isa = PBXFileReference; fileEncoding = 4; lastKnownFileType = sourcecode.swift; path = ClassCircle.swift; sourceTree = "<group>"; };
		A25A0A371B02A6B200335302 /* ClassDetailsVC.swift */ = {isa = PBXFileReference; fileEncoding = 4; lastKnownFileType = sourcecode.swift; path = ClassDetailsVC.swift; sourceTree = "<group>"; };
		A25A0A381B02A6B200335302 /* ClassDetailsVC.xib */ = {isa = PBXFileReference; fileEncoding = 4; lastKnownFileType = file.xib; path = ClassDetailsVC.xib; sourceTree = "<group>"; };
		A269BF261B2CE7DE009D2D5B /* SchoolClassCell.swift */ = {isa = PBXFileReference; fileEncoding = 4; lastKnownFileType = sourcecode.swift; path = SchoolClassCell.swift; sourceTree = "<group>"; };
		A269BF271B2CE7DE009D2D5B /* SchoolClassCell.xib */ = {isa = PBXFileReference; fileEncoding = 4; lastKnownFileType = file.xib; path = SchoolClassCell.xib; sourceTree = "<group>"; };
		A269BF2B1B2CEB8D009D2D5B /* Lato-Bold.ttf */ = {isa = PBXFileReference; lastKnownFileType = file; name = "Lato-Bold.ttf"; path = "../../../Downloads/lato/Lato-Bold.ttf"; sourceTree = "<group>"; };
		A269BF2C1B2CEB8D009D2D5B /* Lato-Hairline.ttf */ = {isa = PBXFileReference; lastKnownFileType = file; name = "Lato-Hairline.ttf"; path = "../../../Downloads/lato/Lato-Hairline.ttf"; sourceTree = "<group>"; };
		A269BF2D1B2CEB8D009D2D5B /* Lato-Heavy.ttf */ = {isa = PBXFileReference; lastKnownFileType = file; name = "Lato-Heavy.ttf"; path = "../../../Downloads/lato/Lato-Heavy.ttf"; sourceTree = "<group>"; };
		A269BF2E1B2CEB8D009D2D5B /* Lato-Light.ttf */ = {isa = PBXFileReference; lastKnownFileType = file; name = "Lato-Light.ttf"; path = "../../../Downloads/lato/Lato-Light.ttf"; sourceTree = "<group>"; };
		A269BF2F1B2CEB8D009D2D5B /* Lato-Medium.ttf */ = {isa = PBXFileReference; lastKnownFileType = file; name = "Lato-Medium.ttf"; path = "../../../Downloads/lato/Lato-Medium.ttf"; sourceTree = "<group>"; };
		A269BF301B2CEB8D009D2D5B /* Lato-Regular.ttf */ = {isa = PBXFileReference; lastKnownFileType = file; name = "Lato-Regular.ttf"; path = "../../../Downloads/lato/Lato-Regular.ttf"; sourceTree = "<group>"; };
		A269BF311B2CEB8D009D2D5B /* Lato-Thin.ttf */ = {isa = PBXFileReference; lastKnownFileType = file; name = "Lato-Thin.ttf"; path = "../../../Downloads/lato/Lato-Thin.ttf"; sourceTree = "<group>"; };
		A26E569C1B332ACC0030BCAB /* SchoolClassPaginationVC.swift */ = {isa = PBXFileReference; fileEncoding = 4; lastKnownFileType = sourcecode.swift; path = SchoolClassPaginationVC.swift; sourceTree = "<group>"; };
		A26E569E1B332E380030BCAB /* SchoolClassVC.swift */ = {isa = PBXFileReference; fileEncoding = 4; lastKnownFileType = sourcecode.swift; path = SchoolClassVC.swift; sourceTree = "<group>"; };
		A26E569F1B332E380030BCAB /* SchoolClassVC.xib */ = {isa = PBXFileReference; fileEncoding = 4; lastKnownFileType = file.xib; path = SchoolClassVC.xib; sourceTree = "<group>"; };
		A29951601B0175C200CF6D84 /* Median.app */ = {isa = PBXFileReference; explicitFileType = wrapper.application; includeInIndex = 0; path = Median.app; sourceTree = BUILT_PRODUCTS_DIR; };
		A29951641B0175C200CF6D84 /* Info.plist */ = {isa = PBXFileReference; lastKnownFileType = text.plist.xml; path = Info.plist; sourceTree = "<group>"; };
		A29951651B0175C200CF6D84 /* AppDelegate.swift */ = {isa = PBXFileReference; lastKnownFileType = sourcecode.swift; path = AppDelegate.swift; sourceTree = "<group>"; };
		A299516C1B0175C200CF6D84 /* Images.xcassets */ = {isa = PBXFileReference; lastKnownFileType = folder.assetcatalog; path = Images.xcassets; sourceTree = "<group>"; };
		A299516F1B0175C200CF6D84 /* Base */ = {isa = PBXFileReference; lastKnownFileType = file.xib; name = Base; path = Base.lproj/LaunchScreen.xib; sourceTree = "<group>"; };
		A29951751B0175C200CF6D84 /* MedianTests.xctest */ = {isa = PBXFileReference; explicitFileType = wrapper.cfbundle; includeInIndex = 0; path = MedianTests.xctest; sourceTree = BUILT_PRODUCTS_DIR; };
		A299517A1B0175C200CF6D84 /* Info.plist */ = {isa = PBXFileReference; lastKnownFileType = text.plist.xml; path = Info.plist; sourceTree = "<group>"; };
		A299517B1B0175C200CF6D84 /* MedianTests.swift */ = {isa = PBXFileReference; lastKnownFileType = sourcecode.swift; path = MedianTests.swift; sourceTree = "<group>"; };
		A299518C1B01768D00CF6D84 /* SemesterVC.xib */ = {isa = PBXFileReference; fileEncoding = 4; lastKnownFileType = file.xib; name = SemesterVC.xib; path = ../Decile/SemesterVC.xib; sourceTree = "<group>"; };
		A299518E1B0176D700CF6D84 /* Assignment.swift */ = {isa = PBXFileReference; fileEncoding = 4; lastKnownFileType = sourcecode.swift; name = Assignment.swift; path = ../../../Desktop/Grader/Assignment.swift; sourceTree = "<group>"; };
		A29951961B0176FE00CF6D84 /* AssignmentCateogry.swift */ = {isa = PBXFileReference; fileEncoding = 4; lastKnownFileType = sourcecode.swift; name = AssignmentCateogry.swift; path = ../../../Desktop/Grader/Grader/AssignmentCateogry.swift; sourceTree = "<group>"; };
		A299519A1B017C0B00CF6D84 /* ClassStore.swift */ = {isa = PBXFileReference; fileEncoding = 4; lastKnownFileType = sourcecode.swift; path = ClassStore.swift; sourceTree = "<group>"; };
		A299519C1B017C2E00CF6D84 /* SchoolClass.swift */ = {isa = PBXFileReference; fileEncoding = 4; lastKnownFileType = sourcecode.swift; path = SchoolClass.swift; sourceTree = "<group>"; };
		A299519E1B017C6000CF6D84 /* SemesterVC.swift */ = {isa = PBXFileReference; fileEncoding = 4; lastKnownFileType = sourcecode.swift; path = SemesterVC.swift; sourceTree = "<group>"; };
		A2B48A711B347A4200A0C2E7 /* AssignmentCategoryCell.swift */ = {isa = PBXFileReference; fileEncoding = 4; lastKnownFileType = sourcecode.swift; path = AssignmentCategoryCell.swift; sourceTree = "<group>"; };
		A2B48A721B347A4200A0C2E7 /* AssignmentCategoryCell.xib */ = {isa = PBXFileReference; fileEncoding = 4; lastKnownFileType = file.xib; path = AssignmentCategoryCell.xib; sourceTree = "<group>"; };
/* End PBXFileReference section */

/* Begin PBXFrameworksBuildPhase section */
		A299515D1B0175C200CF6D84 /* Frameworks */ = {
			isa = PBXFrameworksBuildPhase;
			buildActionMask = 2147483647;
			files = (
			);
			runOnlyForDeploymentPostprocessing = 0;
		};
		A29951721B0175C200CF6D84 /* Frameworks */ = {
			isa = PBXFrameworksBuildPhase;
			buildActionMask = 2147483647;
			files = (
			);
			runOnlyForDeploymentPostprocessing = 0;
		};
/* End PBXFrameworksBuildPhase section */

/* Begin PBXGroup section */
		A269BF2A1B2CEAED009D2D5B /* Resources */ = {
			isa = PBXGroup;
			children = (
				A269BF2B1B2CEB8D009D2D5B /* Lato-Bold.ttf */,
				A269BF2C1B2CEB8D009D2D5B /* Lato-Hairline.ttf */,
				A269BF2D1B2CEB8D009D2D5B /* Lato-Heavy.ttf */,
				A269BF2E1B2CEB8D009D2D5B /* Lato-Light.ttf */,
				A269BF2F1B2CEB8D009D2D5B /* Lato-Medium.ttf */,
				A269BF301B2CEB8D009D2D5B /* Lato-Regular.ttf */,
				A269BF311B2CEB8D009D2D5B /* Lato-Thin.ttf */,
			);
			name = Resources;
			sourceTree = "<group>";
		};
		A29951571B0175C200CF6D84 = {
			isa = PBXGroup;
			children = (
				A269BF2A1B2CEAED009D2D5B /* Resources */,
				A29951621B0175C200CF6D84 /* Median */,
				A29951851B0175EC00CF6D84 /* Models */,
				A29951861B0175F400CF6D84 /* Views */,
				A29951871B0175FA00CF6D84 /* Controllers */,
				A29951781B0175C200CF6D84 /* MedianTests */,
				A29951611B0175C200CF6D84 /* Products */,
			);
			sourceTree = "<group>";
		};
		A29951611B0175C200CF6D84 /* Products */ = {
			isa = PBXGroup;
			children = (
				A29951601B0175C200CF6D84 /* Median.app */,
				A29951751B0175C200CF6D84 /* MedianTests.xctest */,
			);
			name = Products;
			sourceTree = "<group>";
		};
		A29951621B0175C200CF6D84 /* Median */ = {
			isa = PBXGroup;
			children = (
				A29951651B0175C200CF6D84 /* AppDelegate.swift */,
				A299516C1B0175C200CF6D84 /* Images.xcassets */,
				A299516E1B0175C200CF6D84 /* LaunchScreen.xib */,
				A29951631B0175C200CF6D84 /* Supporting Files */,
			);
			path = Median;
			sourceTree = "<group>";
		};
		A29951631B0175C200CF6D84 /* Supporting Files */ = {
			isa = PBXGroup;
			children = (
				A29951641B0175C200CF6D84 /* Info.plist */,
			);
			name = "Supporting Files";
			sourceTree = "<group>";
		};
		A29951781B0175C200CF6D84 /* MedianTests */ = {
			isa = PBXGroup;
			children = (
				A299517B1B0175C200CF6D84 /* MedianTests.swift */,
				A29951791B0175C200CF6D84 /* Supporting Files */,
			);
			path = MedianTests;
			sourceTree = "<group>";
		};
		A29951791B0175C200CF6D84 /* Supporting Files */ = {
			isa = PBXGroup;
			children = (
				A299517A1B0175C200CF6D84 /* Info.plist */,
			);
			name = "Supporting Files";
			sourceTree = "<group>";
		};
		A29951851B0175EC00CF6D84 /* Models */ = {
			isa = PBXGroup;
			children = (
				A299519A1B017C0B00CF6D84 /* ClassStore.swift */,
				A299518E1B0176D700CF6D84 /* Assignment.swift */,
				A29951961B0176FE00CF6D84 /* AssignmentCateogry.swift */,
				A299519C1B017C2E00CF6D84 /* SchoolClass.swift */,
			);
			name = Models;
			sourceTree = "<group>";
		};
		A29951861B0175F400CF6D84 /* Views */ = {
			isa = PBXGroup;
			children = (
				A269BF271B2CE7DE009D2D5B /* SchoolClassCell.xib */,
				A2B48A721B347A4200A0C2E7 /* AssignmentCategoryCell.xib */,
				A299518C1B01768D00CF6D84 /* SemesterVC.xib */,
				A25A0A381B02A6B200335302 /* ClassDetailsVC.xib */,
				A26E569F1B332E380030BCAB /* SchoolClassVC.xib */,
			);
			name = Views;
			sourceTree = "<group>";
		};
		A29951871B0175FA00CF6D84 /* Controllers */ = {
			isa = PBXGroup;
			children = (
				A2B48A711B347A4200A0C2E7 /* AssignmentCategoryCell.swift */,
				A25A0A371B02A6B200335302 /* ClassDetailsVC.swift */,
				A26E569E1B332E380030BCAB /* SchoolClassVC.swift */,
				A26E569C1B332ACC0030BCAB /* SchoolClassPaginationVC.swift */,
				A269BF261B2CE7DE009D2D5B /* SchoolClassCell.swift */,
				A239E2CF1B166FB700F47996 /* ClassCircle.swift */,
				A299519E1B017C6000CF6D84 /* SemesterVC.swift */,
			);
			name = Controllers;
			sourceTree = "<group>";
		};
/* End PBXGroup section */

/* Begin PBXNativeTarget section */
		A299515F1B0175C200CF6D84 /* Median */ = {
			isa = PBXNativeTarget;
			buildConfigurationList = A299517F1B0175C200CF6D84 /* Build configuration list for PBXNativeTarget "Median" */;
			buildPhases = (
				A299515C1B0175C200CF6D84 /* Sources */,
				A299515D1B0175C200CF6D84 /* Frameworks */,
				A299515E1B0175C200CF6D84 /* Resources */,
			);
			buildRules = (
			);
			dependencies = (
			);
			name = Median;
			productName = Median;
			productReference = A29951601B0175C200CF6D84 /* Median.app */;
			productType = "com.apple.product-type.application";
		};
		A29951741B0175C200CF6D84 /* MedianTests */ = {
			isa = PBXNativeTarget;
			buildConfigurationList = A29951821B0175C200CF6D84 /* Build configuration list for PBXNativeTarget "MedianTests" */;
			buildPhases = (
				A29951711B0175C200CF6D84 /* Sources */,
				A29951721B0175C200CF6D84 /* Frameworks */,
				A29951731B0175C200CF6D84 /* Resources */,
			);
			buildRules = (
			);
			dependencies = (
				A29951771B0175C200CF6D84 /* PBXTargetDependency */,
			);
			name = MedianTests;
			productName = MedianTests;
			productReference = A29951751B0175C200CF6D84 /* MedianTests.xctest */;
			productType = "com.apple.product-type.bundle.unit-test";
		};
/* End PBXNativeTarget section */

/* Begin PBXProject section */
		A29951581B0175C200CF6D84 /* Project object */ = {
			isa = PBXProject;
			attributes = {
				LastUpgradeCheck = 0630;
				ORGANIZATIONNAME = Mace;
				TargetAttributes = {
					A299515F1B0175C200CF6D84 = {
						CreatedOnToolsVersion = 6.3.1;
					};
					A29951741B0175C200CF6D84 = {
						CreatedOnToolsVersion = 6.3.1;
						TestTargetID = A299515F1B0175C200CF6D84;
					};
				};
			};
			buildConfigurationList = A299515B1B0175C200CF6D84 /* Build configuration list for PBXProject "Median" */;
			compatibilityVersion = "Xcode 3.2";
			developmentRegion = English;
			hasScannedForEncodings = 0;
			knownRegions = (
				en,
				Base,
			);
			mainGroup = A29951571B0175C200CF6D84;
			productRefGroup = A29951611B0175C200CF6D84 /* Products */;
			projectDirPath = "";
			projectRoot = "";
			targets = (
				A299515F1B0175C200CF6D84 /* Median */,
				A29951741B0175C200CF6D84 /* MedianTests */,
			);
		};
/* End PBXProject section */

/* Begin PBXResourcesBuildPhase section */
		A299515E1B0175C200CF6D84 /* Resources */ = {
			isa = PBXResourcesBuildPhase;
			buildActionMask = 2147483647;
			files = (
				A269BF291B2CE7DE009D2D5B /* SchoolClassCell.xib in Resources */,
				A269BF381B2CEB8D009D2D5B /* Lato-Thin.ttf in Resources */,
				A2B48A741B347A4200A0C2E7 /* AssignmentCategoryCell.xib in Resources */,
				A269BF331B2CEB8D009D2D5B /* Lato-Hairline.ttf in Resources */,
				A269BF321B2CEB8D009D2D5B /* Lato-Bold.ttf in Resources */,
				A269BF351B2CEB8D009D2D5B /* Lato-Light.ttf in Resources */,
				A29951701B0175C200CF6D84 /* LaunchScreen.xib in Resources */,
				A269BF361B2CEB8D009D2D5B /* Lato-Medium.ttf in Resources */,
				A26E56A11B332E380030BCAB /* SchoolClassVC.xib in Resources */,
				A269BF341B2CEB8D009D2D5B /* Lato-Heavy.ttf in Resources */,
				A299518D1B01768D00CF6D84 /* SemesterVC.xib in Resources */,
				A299516D1B0175C200CF6D84 /* Images.xcassets in Resources */,
				A25A0A3A1B02A6B200335302 /* ClassDetailsVC.xib in Resources */,
				A269BF371B2CEB8D009D2D5B /* Lato-Regular.ttf in Resources */,
			);
			runOnlyForDeploymentPostprocessing = 0;
		};
		A29951731B0175C200CF6D84 /* Resources */ = {
			isa = PBXResourcesBuildPhase;
			buildActionMask = 2147483647;
			files = (
			);
			runOnlyForDeploymentPostprocessing = 0;
		};
/* End PBXResourcesBuildPhase section */

/* Begin PBXSourcesBuildPhase section */
		A299515C1B0175C200CF6D84 /* Sources */ = {
			isa = PBXSourcesBuildPhase;
			buildActionMask = 2147483647;
			files = (
				A299519B1B017C0B00CF6D84 /* ClassStore.swift in Sources */,
				A299519F1B017C6000CF6D84 /* SemesterVC.swift in Sources */,
				A26E56A01B332E380030BCAB /* SchoolClassVC.swift in Sources */,
				A29951981B0176FE00CF6D84 /* AssignmentCateogry.swift in Sources */,
				A25A0A391B02A6B200335302 /* ClassDetailsVC.swift in Sources */,
				A269BF281B2CE7DE009D2D5B /* SchoolClassCell.swift in Sources */,
				A29951921B0176D700CF6D84 /* Assignment.swift in Sources */,
				A239E2D01B166FB700F47996 /* ClassCircle.swift in Sources */,
				A26E569D1B332ACC0030BCAB /* SchoolClassPaginationVC.swift in Sources */,
				A299519D1B017C2E00CF6D84 /* SchoolClass.swift in Sources */,
				A2B48A731B347A4200A0C2E7 /* AssignmentCategoryCell.swift in Sources */,
				A29951661B0175C200CF6D84 /* AppDelegate.swift in Sources */,
			);
			runOnlyForDeploymentPostprocessing = 0;
		};
		A29951711B0175C200CF6D84 /* Sources */ = {
			isa = PBXSourcesBuildPhase;
			buildActionMask = 2147483647;
			files = (
				A299517C1B0175C200CF6D84 /* MedianTests.swift in Sources */,
			);
			runOnlyForDeploymentPostprocessing = 0;
		};
/* End PBXSourcesBuildPhase section */

/* Begin PBXTargetDependency section */
		A29951771B0175C200CF6D84 /* PBXTargetDependency */ = {
			isa = PBXTargetDependency;
			target = A299515F1B0175C200CF6D84 /* Median */;
			targetProxy = A29951761B0175C200CF6D84 /* PBXContainerItemProxy */;
		};
/* End PBXTargetDependency section */

/* Begin PBXVariantGroup section */
		A299516E1B0175C200CF6D84 /* LaunchScreen.xib */ = {
			isa = PBXVariantGroup;
			children = (
				A299516F1B0175C200CF6D84 /* Base */,
			);
			name = LaunchScreen.xib;
			sourceTree = "<group>";
		};
/* End PBXVariantGroup section */

/* Begin XCBuildConfiguration section */
		A299517D1B0175C200CF6D84 /* Debug */ = {
			isa = XCBuildConfiguration;
			buildSettings = {
				ALWAYS_SEARCH_USER_PATHS = NO;
				CLANG_CXX_LANGUAGE_STANDARD = "gnu++0x";
				CLANG_CXX_LIBRARY = "libc++";
				CLANG_ENABLE_MODULES = YES;
				CLANG_ENABLE_OBJC_ARC = YES;
				CLANG_WARN_BOOL_CONVERSION = YES;
				CLANG_WARN_CONSTANT_CONVERSION = YES;
				CLANG_WARN_DIRECT_OBJC_ISA_USAGE = YES_ERROR;
				CLANG_WARN_EMPTY_BODY = YES;
				CLANG_WARN_ENUM_CONVERSION = YES;
				CLANG_WARN_INT_CONVERSION = YES;
				CLANG_WARN_OBJC_ROOT_CLASS = YES_ERROR;
				CLANG_WARN_UNREACHABLE_CODE = YES;
				CLANG_WARN__DUPLICATE_METHOD_MATCH = YES;
				"CODE_SIGN_IDENTITY[sdk=iphoneos*]" = "iPhone Developer";
				COPY_PHASE_STRIP = NO;
				DEBUG_INFORMATION_FORMAT = "dwarf-with-dsym";
				ENABLE_STRICT_OBJC_MSGSEND = YES;
				GCC_C_LANGUAGE_STANDARD = gnu99;
				GCC_DYNAMIC_NO_PIC = NO;
				GCC_NO_COMMON_BLOCKS = YES;
				GCC_OPTIMIZATION_LEVEL = 0;
				GCC_PREPROCESSOR_DEFINITIONS = (
					"DEBUG=1",
					"$(inherited)",
				);
				GCC_SYMBOLS_PRIVATE_EXTERN = NO;
				GCC_WARN_64_TO_32_BIT_CONVERSION = YES;
				GCC_WARN_ABOUT_RETURN_TYPE = YES_ERROR;
				GCC_WARN_UNDECLARED_SELECTOR = YES;
				GCC_WARN_UNINITIALIZED_AUTOS = YES_AGGRESSIVE;
				GCC_WARN_UNUSED_FUNCTION = YES;
				GCC_WARN_UNUSED_VARIABLE = YES;
				IPHONEOS_DEPLOYMENT_TARGET = 8.3;
				MTL_ENABLE_DEBUG_INFO = YES;
				ONLY_ACTIVE_ARCH = YES;
				SDKROOT = iphoneos;
				SWIFT_OPTIMIZATION_LEVEL = "-Onone";
			};
			name = Debug;
		};
		A299517E1B0175C200CF6D84 /* Release */ = {
			isa = XCBuildConfiguration;
			buildSettings = {
				ALWAYS_SEARCH_USER_PATHS = NO;
				CLANG_CXX_LANGUAGE_STANDARD = "gnu++0x";
				CLANG_CXX_LIBRARY = "libc++";
				CLANG_ENABLE_MODULES = YES;
				CLANG_ENABLE_OBJC_ARC = YES;
				CLANG_WARN_BOOL_CONVERSION = YES;
				CLANG_WARN_CONSTANT_CONVERSION = YES;
				CLANG_WARN_DIRECT_OBJC_ISA_USAGE = YES_ERROR;
				CLANG_WARN_EMPTY_BODY = YES;
				CLANG_WARN_ENUM_CONVERSION = YES;
				CLANG_WARN_INT_CONVERSION = YES;
				CLANG_WARN_OBJC_ROOT_CLASS = YES_ERROR;
				CLANG_WARN_UNREACHABLE_CODE = YES;
				CLANG_WARN__DUPLICATE_METHOD_MATCH = YES;
				"CODE_SIGN_IDENTITY[sdk=iphoneos*]" = "iPhone Developer";
				COPY_PHASE_STRIP = NO;
				DEBUG_INFORMATION_FORMAT = "dwarf-with-dsym";
				ENABLE_NS_ASSERTIONS = NO;
				ENABLE_STRICT_OBJC_MSGSEND = YES;
				GCC_C_LANGUAGE_STANDARD = gnu99;
				GCC_NO_COMMON_BLOCKS = YES;
				GCC_WARN_64_TO_32_BIT_CONVERSION = YES;
				GCC_WARN_ABOUT_RETURN_TYPE = YES_ERROR;
				GCC_WARN_UNDECLARED_SELECTOR = YES;
				GCC_WARN_UNINITIALIZED_AUTOS = YES_AGGRESSIVE;
				GCC_WARN_UNUSED_FUNCTION = YES;
				GCC_WARN_UNUSED_VARIABLE = YES;
				IPHONEOS_DEPLOYMENT_TARGET = 8.3;
				MTL_ENABLE_DEBUG_INFO = NO;
				SDKROOT = iphoneos;
				VALIDATE_PRODUCT = YES;
			};
			name = Release;
		};
		A29951801B0175C200CF6D84 /* Debug */ = {
			isa = XCBuildConfiguration;
			buildSettings = {
				ASSETCATALOG_COMPILER_APPICON_NAME = AppIcon;
				INFOPLIST_FILE = Median/Info.plist;
				IPHONEOS_DEPLOYMENT_TARGET = 8.3;
				LD_RUNPATH_SEARCH_PATHS = "$(inherited) @executable_path/Frameworks";
				PRODUCT_NAME = "$(TARGET_NAME)";
			};
			name = Debug;
		};
		A29951811B0175C200CF6D84 /* Release */ = {
			isa = XCBuildConfiguration;
			buildSettings = {
				ASSETCATALOG_COMPILER_APPICON_NAME = AppIcon;
				INFOPLIST_FILE = Median/Info.plist;
				IPHONEOS_DEPLOYMENT_TARGET = 8.3;
				LD_RUNPATH_SEARCH_PATHS = "$(inherited) @executable_path/Frameworks";
				PRODUCT_NAME = "$(TARGET_NAME)";
			};
			name = Release;
		};
		A29951831B0175C200CF6D84 /* Debug */ = {
			isa = XCBuildConfiguration;
			buildSettings = {
				BUNDLE_LOADER = "$(TEST_HOST)";
				FRAMEWORK_SEARCH_PATHS = (
					"$(SDKROOT)/Developer/Library/Frameworks",
					"$(inherited)",
				);
				GCC_PREPROCESSOR_DEFINITIONS = (
					"DEBUG=1",
					"$(inherited)",
				);
				INFOPLIST_FILE = MedianTests/Info.plist;
				LD_RUNPATH_SEARCH_PATHS = "$(inherited) @executable_path/Frameworks @loader_path/Frameworks";
				PRODUCT_NAME = "$(TARGET_NAME)";
				TEST_HOST = "$(BUILT_PRODUCTS_DIR)/Median.app/Median";
			};
			name = Debug;
		};
		A29951841B0175C200CF6D84 /* Release */ = {
			isa = XCBuildConfiguration;
			buildSettings = {
				BUNDLE_LOADER = "$(TEST_HOST)";
				FRAMEWORK_SEARCH_PATHS = (
					"$(SDKROOT)/Developer/Library/Frameworks",
					"$(inherited)",
				);
				INFOPLIST_FILE = MedianTests/Info.plist;
				LD_RUNPATH_SEARCH_PATHS = "$(inherited) @executable_path/Frameworks @loader_path/Frameworks";
				PRODUCT_NAME = "$(TARGET_NAME)";
				TEST_HOST = "$(BUILT_PRODUCTS_DIR)/Median.app/Median";
			};
			name = Release;
		};
/* End XCBuildConfiguration section */

/* Begin XCConfigurationList section */
		A299515B1B0175C200CF6D84 /* Build configuration list for PBXProject "Median" */ = {
			isa = XCConfigurationList;
			buildConfigurations = (
				A299517D1B0175C200CF6D84 /* Debug */,
				A299517E1B0175C200CF6D84 /* Release */,
			);
			defaultConfigurationIsVisible = 0;
			defaultConfigurationName = Release;
		};
		A299517F1B0175C200CF6D84 /* Build configuration list for PBXNativeTarget "Median" */ = {
			isa = XCConfigurationList;
			buildConfigurations = (
				A29951801B0175C200CF6D84 /* Debug */,
				A29951811B0175C200CF6D84 /* Release */,
			);
			defaultConfigurationIsVisible = 0;
			defaultConfigurationName = Release;
		};
		A29951821B0175C200CF6D84 /* Build configuration list for PBXNativeTarget "MedianTests" */ = {
			isa = XCConfigurationList;
			buildConfigurations = (
				A29951831B0175C200CF6D84 /* Debug */,
				A29951841B0175C200CF6D84 /* Release */,
			);
			defaultConfigurationIsVisible = 0;
			defaultConfigurationName = Release;
		};
/* End XCConfigurationList section */
	};
	rootObject = A29951581B0175C200CF6D84 /* Project object */;
}
